
Microsoft Visual Studio Solution File, Format Version 12.00
# Visual Studio Version 17
VisualStudioVersion = 17.9.34728.123
MinimumVisualStudioVersion = 10.0.40219.1
Project("{9A19103F-16F7-4668-BE54-9A1E7A4F7556}") = "Teste Emccamp", "Teste Emccamp\Teste Emccamp.csproj", "{17411DDB-E57A-468A-AAB4-AEAE33877F77}"
EndProject
Global
	GlobalSection(SolutionConfigurationPlatforms) = preSolution
		Debug|Any CPU = Debug|Any CPU
		Release|Any CPU = Release|Any CPU
	EndGlobalSection
	GlobalSection(ProjectConfigurationPlatforms) = postSolution
		{17411DDB-E57A-468A-AAB4-AEAE33877F77}.Debug|Any CPU.ActiveCfg = Debug|Any CPU
		{17411DDB-E57A-468A-AAB4-AEAE33877F77}.Debug|Any CPU.Build.0 = Debug|Any CPU
		{17411DDB-E57A-468A-AAB4-AEAE33877F77}.Release|Any CPU.ActiveCfg = Release|Any CPU
		{17411DDB-E57A-468A-AAB4-AEAE33877F77}.Release|Any CPU.Build.0 = Release|Any CPU
	EndGlobalSection
	GlobalSection(SolutionProperties) = preSolution
		HideSolutionNode = FALSE
	EndGlobalSection
	GlobalSection(ExtensibilityGlobals) = postSolution
		SolutionGuid = {85C0451C-D460-45ED-AB37-482BE369A655}
	EndGlobalSection
EndGlobal
